
Microsoft Visual Studio Solution File, Format Version 12.00
# Visual Studio Version 17
VisualStudioVersion = 17.6.33723.286
MinimumVisualStudioVersion = 10.0.40219.1
Project("{9A19103F-16F7-4668-BE54-9A1E7A4F7556}") = "SocialNetwork", "SocialNetwork\SocialNetwork.csproj", "{206097B3-618A-4B56-BCD0-6098A9F65CD9}"
EndProject
Project("{FAE04EC0-301F-11D3-BF4B-00C04F79EFBC}") = "SociaNetworkTest", "SociaNetworkTest\SociaNetworkTest.csproj", "{2CD901D7-20D9-4776-8C2E-651E5854929A}"
EndProject
Global
	GlobalSection(SolutionConfigurationPlatforms) = preSolution
		Debug|Any CPU = Debug|Any CPU
		Release|Any CPU = Release|Any CPU
	EndGlobalSection
	GlobalSection(ProjectConfigurationPlatforms) = postSolution
		{206097B3-618A-4B56-BCD0-6098A9F65CD9}.Debug|Any CPU.ActiveCfg = Debug|Any CPU
		{206097B3-618A-4B56-BCD0-6098A9F65CD9}.Debug|Any CPU.Build.0 = Debug|Any CPU
		{206097B3-618A-4B56-BCD0-6098A9F65CD9}.Release|Any CPU.ActiveCfg = Release|Any CPU
		{206097B3-618A-4B56-BCD0-6098A9F65CD9}.Release|Any CPU.Build.0 = Release|Any CPU
		{2CD901D7-20D9-4776-8C2E-651E5854929A}.Debug|Any CPU.ActiveCfg = Debug|Any CPU
		{2CD901D7-20D9-4776-8C2E-651E5854929A}.Debug|Any CPU.Build.0 = Debug|Any CPU
		{2CD901D7-20D9-4776-8C2E-651E5854929A}.Release|Any CPU.ActiveCfg = Release|Any CPU
		{2CD901D7-20D9-4776-8C2E-651E5854929A}.Release|Any CPU.Build.0 = Release|Any CPU
	EndGlobalSection
	GlobalSection(SolutionProperties) = preSolution
		HideSolutionNode = FALSE
	EndGlobalSection
	GlobalSection(ExtensibilityGlobals) = postSolution
		SolutionGuid = {55C8B4A7-4EC3-42C9-A8A8-E735F6726017}
	EndGlobalSection
EndGlobal
